
Microsoft Visual Studio Solution File, Format Version 12.00
# Visual Studio Version 17
VisualStudioVersion = 17.5.33627.172
MinimumVisualStudioVersion = 10.0.40219.1
Project("{FAE04EC0-301F-11D3-BF4B-00C04F79EFBC}") = "DressUpExchange.API", "DressUpExchange\DressUpExchange.API.csproj", "{EACEE025-9703-42FC-89FB-532C8463A8EB}"
EndProject
Project("{FAE04EC0-301F-11D3-BF4B-00C04F79EFBC}") = "DressUpExchange.Data", "Data\DressUpExchange.Data.csproj", "{EC0D05FE-F13B-4B23-8BAD-0D667D640794}"
EndProject
Project("{FAE04EC0-301F-11D3-BF4B-00C04F79EFBC}") = "DressUpExchange.Service", "DressUpExchange.Service\DressUpExchange.Service.csproj", "{4662828A-AB9C-47A5-A561-EBFD5907545B}"
EndProject
Global
	GlobalSection(SolutionConfigurationPlatforms) = preSolution
		Debug|Any CPU = Debug|Any CPU
		Release|Any CPU = Release|Any CPU
	EndGlobalSection
	GlobalSection(ProjectConfigurationPlatforms) = postSolution
		{EACEE025-9703-42FC-89FB-532C8463A8EB}.Debug|Any CPU.ActiveCfg = Debug|Any CPU
		{EACEE025-9703-42FC-89FB-532C8463A8EB}.Debug|Any CPU.Build.0 = Debug|Any CPU
		{EACEE025-9703-42FC-89FB-532C8463A8EB}.Release|Any CPU.ActiveCfg = Release|Any CPU
		{EACEE025-9703-42FC-89FB-532C8463A8EB}.Release|Any CPU.Build.0 = Release|Any CPU
		{EC0D05FE-F13B-4B23-8BAD-0D667D640794}.Debug|Any CPU.ActiveCfg = Debug|Any CPU
		{EC0D05FE-F13B-4B23-8BAD-0D667D640794}.Debug|Any CPU.Build.0 = Debug|Any CPU
		{EC0D05FE-F13B-4B23-8BAD-0D667D640794}.Release|Any CPU.ActiveCfg = Release|Any CPU
		{EC0D05FE-F13B-4B23-8BAD-0D667D640794}.Release|Any CPU.Build.0 = Release|Any CPU
		{4662828A-AB9C-47A5-A561-EBFD5907545B}.Debug|Any CPU.ActiveCfg = Debug|Any CPU
		{4662828A-AB9C-47A5-A561-EBFD5907545B}.Debug|Any CPU.Build.0 = Debug|Any CPU
		{4662828A-AB9C-47A5-A561-EBFD5907545B}.Release|Any CPU.ActiveCfg = Release|Any CPU
		{4662828A-AB9C-47A5-A561-EBFD5907545B}.Release|Any CPU.Build.0 = Release|Any CPU
	EndGlobalSection
	GlobalSection(SolutionProperties) = preSolution
		HideSolutionNode = FALSE
	EndGlobalSection
	GlobalSection(ExtensibilityGlobals) = postSolution
		SolutionGuid = {4D7887C6-0EDB-47D6-BD55-9AD5D6F5C289}
	EndGlobalSection
EndGlobal
